
Microsoft Visual Studio Solution File, Format Version 12.00
# Visual Studio Version 16
VisualStudioVersion = 16.0.30717.126
MinimumVisualStudioVersion = 10.0.40219.1
Project("{FAE04EC0-301F-11D3-BF4B-00C04F79EFBC}") = "NetStone", "NetStone\NetStone.csproj", "{F1BA8D83-A58B-43EF-9B52-C6880CE8DBB6}"
EndProject
Project("{FAE04EC0-301F-11D3-BF4B-00C04F79EFBC}") = "NetStone.Test", "NetStone.Test\NetStone.Test.csproj", "{9753064B-BB14-46D8-9447-51A0B4AD7E02}"
EndProject
Project("{FAE04EC0-301F-11D3-BF4B-00C04F79EFBC}") = "FlatBuffers", "lib\flatbuffers\net\FlatBuffers\FlatBuffers.csproj", "{32F1B5DC-9E73-483C-B7FD-48EF97F2AA34}"
EndProject
Project("{FAE04EC0-301F-11D3-BF4B-00C04F79EFBC}") = "NetStone.GameData.Packs", "NetStone.GameData.Packs\NetStone.GameData.Packs.csproj", "{D415EE52-ADB2-4B93-9B88-79D3A34A494E}"
EndProject
Project("{FAE04EC0-301F-11D3-BF4B-00C04F79EFBC}") = "NetStone.GameData.Lumina", "NetStone.GameData.Lumina\NetStone.GameData.Lumina.csproj", "{6B3EB70B-127D-4B5B-83E2-E0660A0F684A}"
EndProject
Global
	GlobalSection(SolutionConfigurationPlatforms) = preSolution
		Debug|Any CPU = Debug|Any CPU
		Release|Any CPU = Release|Any CPU
	EndGlobalSection
	GlobalSection(ProjectConfigurationPlatforms) = postSolution
		{F1BA8D83-A58B-43EF-9B52-C6880CE8DBB6}.Debug|Any CPU.ActiveCfg = Debug|Any CPU
		{F1BA8D83-A58B-43EF-9B52-C6880CE8DBB6}.Debug|Any CPU.Build.0 = Debug|Any CPU
		{F1BA8D83-A58B-43EF-9B52-C6880CE8DBB6}.Release|Any CPU.ActiveCfg = Release|Any CPU
		{F1BA8D83-A58B-43EF-9B52-C6880CE8DBB6}.Release|Any CPU.Build.0 = Release|Any CPU
		{9753064B-BB14-46D8-9447-51A0B4AD7E02}.Debug|Any CPU.ActiveCfg = Debug|Any CPU
		{9753064B-BB14-46D8-9447-51A0B4AD7E02}.Debug|Any CPU.Build.0 = Debug|Any CPU
		{9753064B-BB14-46D8-9447-51A0B4AD7E02}.Release|Any CPU.ActiveCfg = Release|Any CPU
		{9753064B-BB14-46D8-9447-51A0B4AD7E02}.Release|Any CPU.Build.0 = Release|Any CPU
		{32F1B5DC-9E73-483C-B7FD-48EF97F2AA34}.Debug|Any CPU.ActiveCfg = Debug|Any CPU
		{32F1B5DC-9E73-483C-B7FD-48EF97F2AA34}.Debug|Any CPU.Build.0 = Debug|Any CPU
		{32F1B5DC-9E73-483C-B7FD-48EF97F2AA34}.Release|Any CPU.ActiveCfg = Release|Any CPU
		{32F1B5DC-9E73-483C-B7FD-48EF97F2AA34}.Release|Any CPU.Build.0 = Release|Any CPU
		{D415EE52-ADB2-4B93-9B88-79D3A34A494E}.Debug|Any CPU.ActiveCfg = Debug|Any CPU
		{D415EE52-ADB2-4B93-9B88-79D3A34A494E}.Debug|Any CPU.Build.0 = Debug|Any CPU
		{D415EE52-ADB2-4B93-9B88-79D3A34A494E}.Release|Any CPU.ActiveCfg = Release|Any CPU
		{D415EE52-ADB2-4B93-9B88-79D3A34A494E}.Release|Any CPU.Build.0 = Release|Any CPU
		{6B3EB70B-127D-4B5B-83E2-E0660A0F684A}.Debug|Any CPU.ActiveCfg = Debug|Any CPU
		{6B3EB70B-127D-4B5B-83E2-E0660A0F684A}.Debug|Any CPU.Build.0 = Debug|Any CPU
		{6B3EB70B-127D-4B5B-83E2-E0660A0F684A}.Release|Any CPU.ActiveCfg = Release|Any CPU
		{6B3EB70B-127D-4B5B-83E2-E0660A0F684A}.Release|Any CPU.Build.0 = Release|Any CPU
	EndGlobalSection
	GlobalSection(SolutionProperties) = preSolution
		HideSolutionNode = FALSE
	EndGlobalSection
	GlobalSection(ExtensibilityGlobals) = postSolution
		SolutionGuid = {BFEDBEEC-7831-4158-A1BF-B9FDCB780AFB}
	EndGlobalSection
EndGlobal
